PODS:
  - KoRouter (0.0.1)

DEPENDENCIES:
  - KoRouter (from `https://github.com/yashims/KoRouter.git`)

EXTERNAL SOURCES:
  KoRouter:
    :git: https://github.com/yashims/KoRouter.git

CHECKOUT OPTIONS:
  KoRouter:
    :commit: 9442edccfa8d13b5413bb45d4db0793ea5b0d4ab
    :git: https://github.com/yashims/KoRouter.git

SPEC CHECKSUMS:
  KoRouter: d52f5a63debe83d7f87eedcf35d1de6f765b4a53

PODFILE CHECKSUM: 3a82e6756ced04f7193f4c9bc0e11cb3e9afc80f

COCOAPODS: 1.8.4
